
Microsoft Visual Studio Solution File, Format Version 12.00
# Visual Studio Version 17
VisualStudioVersion = 17.8.34330.188
MinimumVisualStudioVersion = 10.0.40219.1
Project("{9A19103F-16F7-4668-BE54-9A1E7A4F7556}") = "BulkyWeb", "BulkyWeb\BulkyWeb.csproj", "{82C0BA56-C5E9-45B9-B5D6-4DA354657CAA}"
EndProject
Project("{FAE04EC0-301F-11D3-BF4B-00C04F79EFBC}") = "Bulky.DataAccess", "Bulky.DataAccess\Bulky.DataAccess.csproj", "{A645AE34-D1C8-4EC7-A797-F9528D10E198}"
EndProject
Project("{FAE04EC0-301F-11D3-BF4B-00C04F79EFBC}") = "Bulky.Models", "Bulky.Models\Bulky.Models.csproj", "{8438C13A-3E1A-4FAA-B238-892A91C9B41E}"
EndProject
Project("{FAE04EC0-301F-11D3-BF4B-00C04F79EFBC}") = "Bulky.Utility", "Bulky.Utility\Bulky.Utility.csproj", "{3186ABBB-BFA7-4387-935C-CCD7A898A25C}"
EndProject
Global
	GlobalSection(SolutionConfigurationPlatforms) = preSolution
		Debug|Any CPU = Debug|Any CPU
		Release|Any CPU = Release|Any CPU
	EndGlobalSection
	GlobalSection(ProjectConfigurationPlatforms) = postSolution
		{82C0BA56-C5E9-45B9-B5D6-4DA354657CAA}.Debug|Any CPU.ActiveCfg = Debug|Any CPU
		{82C0BA56-C5E9-45B9-B5D6-4DA354657CAA}.Debug|Any CPU.Build.0 = Debug|Any CPU
		{82C0BA56-C5E9-45B9-B5D6-4DA354657CAA}.Release|Any CPU.ActiveCfg = Release|Any CPU
		{82C0BA56-C5E9-45B9-B5D6-4DA354657CAA}.Release|Any CPU.Build.0 = Release|Any CPU
		{A645AE34-D1C8-4EC7-A797-F9528D10E198}.Debug|Any CPU.ActiveCfg = Debug|Any CPU
		{A645AE34-D1C8-4EC7-A797-F9528D10E198}.Debug|Any CPU.Build.0 = Debug|Any CPU
		{A645AE34-D1C8-4EC7-A797-F9528D10E198}.Release|Any CPU.ActiveCfg = Release|Any CPU
		{A645AE34-D1C8-4EC7-A797-F9528D10E198}.Release|Any CPU.Build.0 = Release|Any CPU
		{8438C13A-3E1A-4FAA-B238-892A91C9B41E}.Debug|Any CPU.ActiveCfg = Debug|Any CPU
		{8438C13A-3E1A-4FAA-B238-892A91C9B41E}.Debug|Any CPU.Build.0 = Debug|Any CPU
		{8438C13A-3E1A-4FAA-B238-892A91C9B41E}.Release|Any CPU.ActiveCfg = Release|Any CPU
		{8438C13A-3E1A-4FAA-B238-892A91C9B41E}.Release|Any CPU.Build.0 = Release|Any CPU
		{3186ABBB-BFA7-4387-935C-CCD7A898A25C}.Debug|Any CPU.ActiveCfg = Debug|Any CPU
		{3186ABBB-BFA7-4387-935C-CCD7A898A25C}.Debug|Any CPU.Build.0 = Debug|Any CPU
		{3186ABBB-BFA7-4387-935C-CCD7A898A25C}.Release|Any CPU.ActiveCfg = Release|Any CPU
		{3186ABBB-BFA7-4387-935C-CCD7A898A25C}.Release|Any CPU.Build.0 = Release|Any CPU
	EndGlobalSection
	GlobalSection(SolutionProperties) = preSolution
		HideSolutionNode = FALSE
	EndGlobalSection
	GlobalSection(ExtensibilityGlobals) = postSolution
		SolutionGuid = {83B8AE6B-3289-40D6-8C6C-112085580415}
	EndGlobalSection
EndGlobal
